
Microsoft Visual Studio Solution File, Format Version 12.00
# Visual Studio Version 17
VisualStudioVersion = 17.1.32328.378
MinimumVisualStudioVersion = 10.0.40219.1
Project("{9A19103F-16F7-4668-BE54-9A1E7A4F7556}") = "Square9APIHelperLibrary", "Square9APIHelperLibrary\Square9APIHelperLibrary.csproj", "{0210C78F-D3EC-491D-B91D-E83C1A4C6FBD}"
EndProject
Project("{FAE04EC0-301F-11D3-BF4B-00C04F79EFBC}") = "APITest", "APITest\APITest.csproj", "{0FA7D067-6BB6-47BC-9A46-8436393DA540}"
EndProject
Global
	GlobalSection(SolutionConfigurationPlatforms) = preSolution
		Debug|Any CPU = Debug|Any CPU
		Release|Any CPU = Release|Any CPU
	EndGlobalSection
	GlobalSection(ProjectConfigurationPlatforms) = postSolution
		{0210C78F-D3EC-491D-B91D-E83C1A4C6FBD}.Debug|Any CPU.ActiveCfg = Debug|Any CPU
		{0210C78F-D3EC-491D-B91D-E83C1A4C6FBD}.Debug|Any CPU.Build.0 = Debug|Any CPU
		{0210C78F-D3EC-491D-B91D-E83C1A4C6FBD}.Release|Any CPU.ActiveCfg = Release|Any CPU
		{0210C78F-D3EC-491D-B91D-E83C1A4C6FBD}.Release|Any CPU.Build.0 = Release|Any CPU
		{0FA7D067-6BB6-47BC-9A46-8436393DA540}.Debug|Any CPU.ActiveCfg = Debug|Any CPU
		{0FA7D067-6BB6-47BC-9A46-8436393DA540}.Debug|Any CPU.Build.0 = Debug|Any CPU
		{0FA7D067-6BB6-47BC-9A46-8436393DA540}.Release|Any CPU.ActiveCfg = Release|Any CPU
		{0FA7D067-6BB6-47BC-9A46-8436393DA540}.Release|Any CPU.Build.0 = Release|Any CPU
	EndGlobalSection
	GlobalSection(SolutionProperties) = preSolution
		HideSolutionNode = FALSE
	EndGlobalSection
	GlobalSection(ExtensibilityGlobals) = postSolution
		SolutionGuid = {7EEBEE5C-8A32-4C70-A4B3-A7E637EE10D4}
	EndGlobalSection
EndGlobal
